
Microsoft Visual Studio Solution File, Format Version 12.00
# Visual Studio 15
VisualStudioVersion = 15.0.27004.2005
MinimumVisualStudioVersion = 10.0.40219.1
Project("{8BC9CEB8-8B4A-11D0-8D11-00A0C91BC942}") = "Lode Runner", "ConsoleApplication2\ConsoleApplication2.vcxproj", "{C87E924E-EC08-4EA6-916A-A0C8AD2689A5}"
EndProject
Global
	GlobalSection(SolutionConfigurationPlatforms) = preSolution
		Debug|x64 = Debug|x64
		Debug|x86 = Debug|x86
		Release|x64 = Release|x64
		Release|x86 = Release|x86
	EndGlobalSection
	GlobalSection(ProjectConfigurationPlatforms) = postSolution
		{C87E924E-EC08-4EA6-916A-A0C8AD2689A5}.Debug|x64.ActiveCfg = Debug|x64
		{C87E924E-EC08-4EA6-916A-A0C8AD2689A5}.Debug|x64.Build.0 = Debug|x64
		{C87E924E-EC08-4EA6-916A-A0C8AD2689A5}.Debug|x86.ActiveCfg = Debug|x64
		{C87E924E-EC08-4EA6-916A-A0C8AD2689A5}.Debug|x86.Build.0 = Debug|x64
		{C87E924E-EC08-4EA6-916A-A0C8AD2689A5}.Release|x64.ActiveCfg = Release|x64
		{C87E924E-EC08-4EA6-916A-A0C8AD2689A5}.Release|x64.Build.0 = Release|x64
		{C87E924E-EC08-4EA6-916A-A0C8AD2689A5}.Release|x86.ActiveCfg = Release|Win32
		{C87E924E-EC08-4EA6-916A-A0C8AD2689A5}.Release|x86.Build.0 = Release|Win32
	EndGlobalSection
	GlobalSection(SolutionProperties) = preSolution
		HideSolutionNode = FALSE
	EndGlobalSection
	GlobalSection(ExtensibilityGlobals) = postSolution
		SolutionGuid = {E5DF0DDE-8B08-44D2-ADF4-FF99486F25F3}
	EndGlobalSection
EndGlobal
